// !$*UTF8*$!
{
	archiveVersion = 1;
	classes = {
	};
	objectVersion = 51;
	objects = {

/* Begin PBXBuildFile section */
		2DD53A08AA8CB0096082E7EE /* Pods_Note1.framework in Frameworks */ = {isa = PBXBuildFile; fileRef = D5CE9BA1F4B19A3BA00648B9 /* Pods_Note1.framework */; };
		5E47531625CE82F300BB2180 /* GoogleService-Info.plist in Resources */ = {isa = PBXBuildFile; fileRef = 5E47531525CE82F300BB2180 /* GoogleService-Info.plist */; };
		5E4DE62325C080E200663058 /* SecondViewController.swift in Sources */ = {isa = PBXBuildFile; fileRef = 5E4DE62225C080E200663058 /* SecondViewController.swift */; };
		5E6213FB25CD3498009D6A8D /* enterViewController.swift in Sources */ = {isa = PBXBuildFile; fileRef = 5E6213FA25CD3498009D6A8D /* enterViewController.swift */; };
		5E6213FF25CD34A8009D6A8D /* signUpViewController.swift in Sources */ = {isa = PBXBuildFile; fileRef = 5E6213FE25CD34A8009D6A8D /* signUpViewController.swift */; };
		5E62140225CD34B4009D6A8D /* loginViewController.swift in Sources */ = {isa = PBXBuildFile; fileRef = 5E62140125CD34B4009D6A8D /* loginViewController.swift */; };
		5EF2E4CD25BF140800822DE5 /* AppDelegate.swift in Sources */ = {isa = PBXBuildFile; fileRef = 5EF2E4CC25BF140800822DE5 /* AppDelegate.swift */; };
		5EF2E4CF25BF140800822DE5 /* SceneDelegate.swift in Sources */ = {isa = PBXBuildFile; fileRef = 5EF2E4CE25BF140800822DE5 /* SceneDelegate.swift */; };
		5EF2E4D125BF140800822DE5 /* ViewController.swift in Sources */ = {isa = PBXBuildFile; fileRef = 5EF2E4D025BF140800822DE5 /* ViewController.swift */; };
		5EF2E4D425BF140800822DE5 /* Main.storyboard in Resources */ = {isa = PBXBuildFile; fileRef = 5EF2E4D225BF140800822DE5 /* Main.storyboard */; };
		5EF2E4D725BF140800822DE5 /* Note1.xcdatamodeld in Sources */ = {isa = PBXBuildFile; fileRef = 5EF2E4D525BF140800822DE5 /* Note1.xcdatamodeld */; };
		5EF2E4D925BF140900822DE5 /* Assets.xcassets in Resources */ = {isa = PBXBuildFile; fileRef = 5EF2E4D825BF140900822DE5 /* Assets.xcassets */; };
		5EF2E4DC25BF140900822DE5 /* LaunchScreen.storyboard in Resources */ = {isa = PBXBuildFile; fileRef = 5EF2E4DA25BF140900822DE5 /* LaunchScreen.storyboard */; };
/* End PBXBuildFile section */

/* Begin PBXFileReference section */
		5E47531525CE82F300BB2180 /* GoogleService-Info.plist */ = {isa = PBXFileReference; fileEncoding = 4; lastKnownFileType = text.plist.xml; path = "GoogleService-Info.plist"; sourceTree = "<group>"; };
		5E4DE62225C080E200663058 /* SecondViewController.swift */ = {isa = PBXFileReference; lastKnownFileType = sourcecode.swift; path = SecondViewController.swift; sourceTree = "<group>"; };
		5E6213FA25CD3498009D6A8D /* enterViewController.swift */ = {isa = PBXFileReference; lastKnownFileType = sourcecode.swift; path = enterViewController.swift; sourceTree = "<group>"; };
		5E6213FE25CD34A8009D6A8D /* signUpViewController.swift */ = {isa = PBXFileReference; lastKnownFileType = sourcecode.swift; path = signUpViewController.swift; sourceTree = "<group>"; };
		5E62140125CD34B4009D6A8D /* loginViewController.swift */ = {isa = PBXFileReference; lastKnownFileType = sourcecode.swift; path = loginViewController.swift; sourceTree = "<group>"; };
		5EF2E4C925BF140800822DE5 /* Note1.app */ = {isa = PBXFileReference; explicitFileType = wrapper.application; includeInIndex = 0; path = Note1.app; sourceTree = BUILT_PRODUCTS_DIR; };
		5EF2E4CC25BF140800822DE5 /* AppDelegate.swift */ = {isa = PBXFileReference; lastKnownFileType = sourcecode.swift; path = AppDelegate.swift; sourceTree = "<group>"; };
		5EF2E4CE25BF140800822DE5 /* SceneDelegate.swift */ = {isa = PBXFileReference; lastKnownFileType = sourcecode.swift; path = SceneDelegate.swift; sourceTree = "<group>"; };
		5EF2E4D025BF140800822DE5 /* ViewController.swift */ = {isa = PBXFileReference; lastKnownFileType = sourcecode.swift; path = ViewController.swift; sourceTree = "<group>"; };
		5EF2E4D325BF140800822DE5 /* Base */ = {isa = PBXFileReference; lastKnownFileType = file.storyboard; name = Base; path = Base.lproj/Main.storyboard; sourceTree = "<group>"; };
		5EF2E4D625BF140800822DE5 /* Note1.xcdatamodel */ = {isa = PBXFileReference; lastKnownFileType = wrapper.xcdatamodel; path = Note1.xcdatamodel; sourceTree = "<group>"; };
		5EF2E4D825BF140900822DE5 /* Assets.xcassets */ = {isa = PBXFileReference; lastKnownFileType = folder.assetcatalog; path = Assets.xcassets; sourceTree = "<group>"; };
		5EF2E4DB25BF140900822DE5 /* Base */ = {isa = PBXFileReference; lastKnownFileType = file.storyboard; name = Base; path = Base.lproj/LaunchScreen.storyboard; sourceTree = "<group>"; };
		5EF2E4DD25BF140900822DE5 /* Info.plist */ = {isa = PBXFileReference; lastKnownFileType = text.plist.xml; path = Info.plist; sourceTree = "<group>"; };
		9B94B5DDC593750C7D306A40 /* Pods-Note1.debug.xcconfig */ = {isa = PBXFileReference; includeInIndex = 1; lastKnownFileType = text.xcconfig; name = "Pods-Note1.debug.xcconfig"; path = "Target Support Files/Pods-Note1/Pods-Note1.debug.xcconfig"; sourceTree = "<group>"; };
		D5CE9BA1F4B19A3BA00648B9 /* Pods_Note1.framework */ = {isa = PBXFileReference; explicitFileType = wrapper.framework; includeInIndex = 0; path = Pods_Note1.framework; sourceTree = BUILT_PRODUCTS_DIR; };
		EDB1C4D077294046E06F4E14 /* Pods-Note1.release.xcconfig */ = {isa = PBXFileReference; includeInIndex = 1; lastKnownFileType = text.xcconfig; name = "Pods-Note1.release.xcconfig"; path = "Target Support Files/Pods-Note1/Pods-Note1.release.xcconfig"; sourceTree = "<group>"; };
/* End PBXFileReference section */

/* Begin PBXFrameworksBuildPhase section */
		5EF2E4C625BF140800822DE5 /* Frameworks */ = {
			isa = PBXFrameworksBuildPhase;
			buildActionMask = 2147483647;
			files = (
				2DD53A08AA8CB0096082E7EE /* Pods_Note1.framework in Frameworks */,
			);
			runOnlyForDeploymentPostprocessing = 0;
		};
/* End PBXFrameworksBuildPhase section */

/* Begin PBXGroup section */
		4E6202034135F6BBD1BCD5C6 /* Pods */ = {
			isa = PBXGroup;
			children = (
				9B94B5DDC593750C7D306A40 /* Pods-Note1.debug.xcconfig */,
				EDB1C4D077294046E06F4E14 /* Pods-Note1.release.xcconfig */,
			);
			path = Pods;
			sourceTree = "<group>";
		};
		5E6213F825CD344C009D6A8D /* tableView Controllers */ = {
			isa = PBXGroup;
			children = (
				5EF2E4D025BF140800822DE5 /* ViewController.swift */,
				5E4DE62225C080E200663058 /* SecondViewController.swift */,
			);
			path = "tableView Controllers";
			sourceTree = "<group>";
		};
		5E6213F925CD3475009D6A8D /* Auth View Controllers */ = {
			isa = PBXGroup;
			children = (
				5E6213FA25CD3498009D6A8D /* enterViewController.swift */,
				5E62140125CD34B4009D6A8D /* loginViewController.swift */,
				5E6213FE25CD34A8009D6A8D /* signUpViewController.swift */,
			);
			name = "Auth View Controllers";
			path = ..;
			sourceTree = "<group>";
		};
		5EF2E4C025BF140800822DE5 = {
			isa = PBXGroup;
			children = (
				5EF2E4CB25BF140800822DE5 /* Note1 */,
				5EF2E4CA25BF140800822DE5 /* Products */,
				4E6202034135F6BBD1BCD5C6 /* Pods */,
				D22D9E0F696259404870BFC5 /* Frameworks */,
			);
			sourceTree = "<group>";
		};
		5EF2E4CA25BF140800822DE5 /* Products */ = {
			isa = PBXGroup;
			children = (
				5EF2E4C925BF140800822DE5 /* Note1.app */,
			);
			name = Products;
			sourceTree = "<group>";
		};
		5EF2E4CB25BF140800822DE5 /* Note1 */ = {
			isa = PBXGroup;
			children = (
				5EF2E4CC25BF140800822DE5 /* AppDelegate.swift */,
				5EF2E4CE25BF140800822DE5 /* SceneDelegate.swift */,
				5E6213F825CD344C009D6A8D /* tableView Controllers */,
				5E6213F925CD3475009D6A8D /* Auth View Controllers */,
				5EF2E4D225BF140800822DE5 /* Main.storyboard */,
				5EF2E4D825BF140900822DE5 /* Assets.xcassets */,
				5EF2E4DA25BF140900822DE5 /* LaunchScreen.storyboard */,
				5EF2E4DD25BF140900822DE5 /* Info.plist */,
				5E47531525CE82F300BB2180 /* GoogleService-Info.plist */,
				5EF2E4D525BF140800822DE5 /* Note1.xcdatamodeld */,
			);
			path = Note1;
			sourceTree = "<group>";
		};
		D22D9E0F696259404870BFC5 /* Frameworks */ = {
			isa = PBXGroup;
			children = (
				D5CE9BA1F4B19A3BA00648B9 /* Pods_Note1.framework */,
			);
			name = Frameworks;
			sourceTree = "<group>";
		};
/* End PBXGroup section */

/* Begin PBXNativeTarget section */
		5EF2E4C825BF140800822DE5 /* Note1 */ = {
			isa = PBXNativeTarget;
			buildConfigurationList = 5EF2E4E025BF140900822DE5 /* Build configuration list for PBXNativeTarget "Note1" */;
			buildPhases = (
				83BD5D217C14B70F8C7274D7 /* [CP] Check Pods Manifest.lock */,
				5EF2E4C525BF140800822DE5 /* Sources */,
				5EF2E4C625BF140800822DE5 /* Frameworks */,
				5EF2E4C725BF140800822DE5 /* Resources */,
				A0282B30F14A962BD37D8012 /* [CP] Embed Pods Frameworks */,
			);
			buildRules = (
			);
			dependencies = (
			);
			name = Note1;
			productName = Note1;
			productReference = 5EF2E4C925BF140800822DE5 /* Note1.app */;
			productType = "com.apple.product-type.application";
		};
/* End PBXNativeTarget section */

/* Begin PBXProject section */
		5EF2E4C125BF140800822DE5 /* Project object */ = {
			isa = PBXProject;
			attributes = {
				LastSwiftUpdateCheck = 1210;
				LastUpgradeCheck = 1210;
				TargetAttributes = {
					5EF2E4C825BF140800822DE5 = {
						CreatedOnToolsVersion = 12.1;
					};
				};
			};
			buildConfigurationList = 5EF2E4C425BF140800822DE5 /* Build configuration list for PBXProject "Note1" */;
			compatibilityVersion = "Xcode 9.3";
			developmentRegion = en;
			hasScannedForEncodings = 0;
			knownRegions = (
				en,
				Base,
			);
			mainGroup = 5EF2E4C025BF140800822DE5;
			productRefGroup = 5EF2E4CA25BF140800822DE5 /* Products */;
			projectDirPath = "";
			projectRoot = "";
			targets = (
				5EF2E4C825BF140800822DE5 /* Note1 */,
			);
		};
/* End PBXProject section */

/* Begin PBXResourcesBuildPhase section */
		5EF2E4C725BF140800822DE5 /* Resources */ = {
			isa = PBXResourcesBuildPhase;
			buildActionMask = 2147483647;
			files = (
				5EF2E4DC25BF140900822DE5 /* LaunchScreen.storyboard in Resources */,
				5E47531625CE82F300BB2180 /* GoogleService-Info.plist in Resources */,
				5EF2E4D925BF140900822DE5 /* Assets.xcassets in Resources */,
				5EF2E4D425BF140800822DE5 /* Main.storyboard in Resources */,
			);
			runOnlyForDeploymentPostprocessing = 0;
		};
/* End PBXResourcesBuildPhase section */

/* Begin PBXShellScriptBuildPhase section */
		83BD5D217C14B70F8C7274D7 /* [CP] Check Pods Manifest.lock */ = {
			isa = PBXShellScriptBuildPhase;
			buildActionMask = 2147483647;
			files = (
			);
			inputFileListPaths = (
			);
			inputPaths = (
				"${PODS_PODFILE_DIR_PATH}/Podfile.lock",
				"${PODS_ROOT}/Manifest.lock",
			);
			name = "[CP] Check Pods Manifest.lock";
			outputFileListPaths = (
			);
			outputPaths = (
				"$(DERIVED_FILE_DIR)/Pods-Note1-checkManifestLockResult.txt",
			);
			runOnlyForDeploymentPostprocessing = 0;
			shellPath = /bin/sh;
			shellScript = "diff \"${PODS_PODFILE_DIR_PATH}/Podfile.lock\" \"${PODS_ROOT}/Manifest.lock\" > /dev/null\nif [ $? != 0 ] ; then\n    # print error to STDERR\n    echo \"error: The sandbox is not in sync with the Podfile.lock. Run 'pod install' or update your CocoaPods installation.\" >&2\n    exit 1\nfi\n# This output is used by Xcode 'outputs' to avoid re-running this script phase.\necho \"SUCCESS\" > \"${SCRIPT_OUTPUT_FILE_0}\"\n";
			showEnvVarsInLog = 0;
		};
		A0282B30F14A962BD37D8012 /* [CP] Embed Pods Frameworks */ = {
			isa = PBXShellScriptBuildPhase;
			buildActionMask = 2147483647;
			files = (
			);
			inputFileListPaths = (
				"${PODS_ROOT}/Target Support Files/Pods-Note1/Pods-Note1-frameworks-${CONFIGURATION}-input-files.xcfilelist",
			);
			name = "[CP] Embed Pods Frameworks";
			outputFileListPaths = (
				"${PODS_ROOT}/Target Support Files/Pods-Note1/Pods-Note1-frameworks-${CONFIGURATION}-output-files.xcfilelist",
			);
			runOnlyForDeploymentPostprocessing = 0;
			shellPath = /bin/sh;
			shellScript = "\"${PODS_ROOT}/Target Support Files/Pods-Note1/Pods-Note1-frameworks.sh\"\n";
			showEnvVarsInLog = 0;
		};
/* End PBXShellScriptBuildPhase section */

/* Begin PBXSourcesBuildPhase section */
		5EF2E4C525BF140800822DE5 /* Sources */ = {
			isa = PBXSourcesBuildPhase;
			buildActionMask = 2147483647;
			files = (
				5E6213FF25CD34A8009D6A8D /* signUpViewController.swift in Sources */,
				5EF2E4D125BF140800822DE5 /* ViewController.swift in Sources */,
				5E6213FB25CD3498009D6A8D /* enterViewController.swift in Sources */,
				5EF2E4D725BF140800822DE5 /* Note1.xcdatamodeld in Sources */,
				5E62140225CD34B4009D6A8D /* loginViewController.swift in Sources */,
				5EF2E4CD25BF140800822DE5 /* AppDelegate.swift in Sources */,
				5E4DE62325C080E200663058 /* SecondViewController.swift in Sources */,
				5EF2E4CF25BF140800822DE5 /* SceneDelegate.swift in Sources */,
			);
			runOnlyForDeploymentPostprocessing = 0;
		};
/* End PBXSourcesBuildPhase section */

/* Begin PBXVariantGroup section */
		5EF2E4D225BF140800822DE5 /* Main.storyboard */ = {
			isa = PBXVariantGroup;
			children = (
				5EF2E4D325BF140800822DE5 /* Base */,
			);
			name = Main.storyboard;
			sourceTree = "<group>";
		};
		5EF2E4DA25BF140900822DE5 /* LaunchScreen.storyboard */ = {
			isa = PBXVariantGroup;
			children = (
				5EF2E4DB25BF140900822DE5 /* Base */,
			);
			name = LaunchScreen.storyboard;
			sourceTree = "<group>";
		};
/* End PBXVariantGroup section */

/* Begin XCBuildConfiguration section */
		5EF2E4DE25BF140900822DE5 /* Debug */ = {
			isa = XCBuildConfiguration;
			buildSettings = {
				ALWAYS_SEARCH_USER_PATHS = NO;
				CLANG_ANALYZER_NONNULL = YES;
				CLANG_ANALYZER_NUMBER_OBJECT_CONVERSION = YES_AGGRESSIVE;
				CLANG_CXX_LANGUAGE_STANDARD = "gnu++14";
				CLANG_CXX_LIBRARY = "libc++";
				CLANG_ENABLE_MODULES = YES;
				CLANG_ENABLE_OBJC_ARC = YES;
				CLANG_ENABLE_OBJC_WEAK = YES;
				CLANG_WARN_BLOCK_CAPTURE_AUTORELEASING = YES;
				CLANG_WARN_BOOL_CONVERSION = YES;
				CLANG_WARN_COMMA = YES;
				CLANG_WARN_CONSTANT_CONVERSION = YES;
				CLANG_WARN_DEPRECATED_OBJC_IMPLEMENTATIONS = YES;
				CLANG_WARN_DIRECT_OBJC_ISA_USAGE = YES_ERROR;
				CLANG_WARN_DOCUMENTATION_COMMENTS = YES;
				CLANG_WARN_EMPTY_BODY = YES;
				CLANG_WARN_ENUM_CONVERSION = YES;
				CLANG_WARN_INFINITE_RECURSION = YES;
				CLANG_WARN_INT_CONVERSION = YES;
				CLANG_WARN_NON_LITERAL_NULL_CONVERSION = YES;
				CLANG_WARN_OBJC_IMPLICIT_RETAIN_SELF = YES;
				CLANG_WARN_OBJC_LITERAL_CONVERSION = YES;
				CLANG_WARN_OBJC_ROOT_CLASS = YES_ERROR;
				CLANG_WARN_QUOTED_INCLUDE_IN_FRAMEWORK_HEADER = YES;
				CLANG_WARN_RANGE_LOOP_ANALYSIS = YES;
				CLANG_WARN_STRICT_PROTOTYPES = YES;
				CLANG_WARN_SUSPICIOUS_MOVE = YES;
				CLANG_WARN_UNGUARDED_AVAILABILITY = YES_AGGRESSIVE;
				CLANG_WARN_UNREACHABLE_CODE = YES;
				CLANG_WARN__DUPLICATE_METHOD_MATCH = YES;
				COPY_PHASE_STRIP = NO;
				DEBUG_INFORMATION_FORMAT = dwarf;
				ENABLE_STRICT_OBJC_MSGSEND = YES;
				ENABLE_TESTABILITY = YES;
				GCC_C_LANGUAGE_STANDARD = gnu11;
				GCC_DYNAMIC_NO_PIC = NO;
				GCC_NO_COMMON_BLOCKS = YES;
				GCC_OPTIMIZATION_LEVEL = 0;
				GCC_PREPROCESSOR_DEFINITIONS = (
					"DEBUG=1",
					"$(inherited)",
				);
				GCC_WARN_64_TO_32_BIT_CONVERSION = YES;
				GCC_WARN_ABOUT_RETURN_TYPE = YES_ERROR;
				GCC_WARN_UNDECLARED_SELECTOR = YES;
				GCC_WARN_UNINITIALIZED_AUTOS = YES_AGGRESSIVE;
				GCC_WARN_UNUSED_FUNCTION = YES;
				GCC_WARN_UNUSED_VARIABLE = YES;
				IPHONEOS_DEPLOYMENT_TARGET = 14.1;
				MTL_ENABLE_DEBUG_INFO = INCLUDE_SOURCE;
				MTL_FAST_MATH = YES;
				ONLY_ACTIVE_ARCH = YES;
				SDKROOT = iphoneos;
				SWIFT_ACTIVE_COMPILATION_CONDITIONS = DEBUG;
				SWIFT_OPTIMIZATION_LEVEL = "-Onone";
			};
			name = Debug;
		};
		5EF2E4DF25BF140900822DE5 /* Release */ = {
			isa = XCBuildConfiguration;
			buildSettings = {
				ALWAYS_SEARCH_USER_PATHS = NO;
				CLANG_ANALYZER_NONNULL = YES;
				CLANG_ANALYZER_NUMBER_OBJECT_CONVERSION = YES_AGGRESSIVE;
				CLANG_CXX_LANGUAGE_STANDARD = "gnu++14";
				CLANG_CXX_LIBRARY = "libc++";
				CLANG_ENABLE_MODULES = YES;
				CLANG_ENABLE_OBJC_ARC = YES;
				CLANG_ENABLE_OBJC_WEAK = YES;
				CLANG_WARN_BLOCK_CAPTURE_AUTORELEASING = YES;
				CLANG_WARN_BOOL_CONVERSION = YES;
				CLANG_WARN_COMMA = YES;
				CLANG_WARN_CONSTANT_CONVERSION = YES;
				CLANG_WARN_DEPRECATED_OBJC_IMPLEMENTATIONS = YES;
				CLANG_WARN_DIRECT_OBJC_ISA_USAGE = YES_ERROR;
				CLANG_WARN_DOCUMENTATION_COMMENTS = YES;
				CLANG_WARN_EMPTY_BODY = YES;
				CLANG_WARN_ENUM_CONVERSION = YES;
				CLANG_WARN_INFINITE_RECURSION = YES;
				CLANG_WARN_INT_CONVERSION = YES;
				CLANG_WARN_NON_LITERAL_NULL_CONVERSION = YES;
				CLANG_WARN_OBJC_IMPLICIT_RETAIN_SELF = YES;
				CLANG_WARN_OBJC_LITERAL_CONVERSION = YES;
				CLANG_WARN_OBJC_ROOT_CLASS = YES_ERROR;
				CLANG_WARN_QUOTED_INCLUDE_IN_FRAMEWORK_HEADER = YES;
				CLANG_WARN_RANGE_LOOP_ANALYSIS = YES;
				CLANG_WARN_STRICT_PROTOTYPES = YES;
				CLANG_WARN_SUSPICIOUS_MOVE = YES;
				CLANG_WARN_UNGUARDED_AVAILABILITY = YES_AGGRESSIVE;
				CLANG_WARN_UNREACHABLE_CODE = YES;
				CLANG_WARN__DUPLICATE_METHOD_MATCH = YES;
				COPY_PHASE_STRIP = NO;
				DEBUG_INFORMATION_FORMAT = "dwarf-with-dsym";
				ENABLE_NS_ASSERTIONS = NO;
				ENABLE_STRICT_OBJC_MSGSEND = YES;
				GCC_C_LANGUAGE_STANDARD = gnu11;
				GCC_NO_COMMON_BLOCKS = YES;
				GCC_WARN_64_TO_32_BIT_CONVERSION = YES;
				GCC_WARN_ABOUT_RETURN_TYPE = YES_ERROR;
				GCC_WARN_UNDECLARED_SELECTOR = YES;
				GCC_WARN_UNINITIALIZED_AUTOS = YES_AGGRESSIVE;
				GCC_WARN_UNUSED_FUNCTION = YES;
				GCC_WARN_UNUSED_VARIABLE = YES;
				IPHONEOS_DEPLOYMENT_TARGET = 14.1;
				MTL_ENABLE_DEBUG_INFO = NO;
				MTL_FAST_MATH = YES;
				SDKROOT = iphoneos;
				SWIFT_COMPILATION_MODE = wholemodule;
				SWIFT_OPTIMIZATION_LEVEL = "-O";
				VALIDATE_PRODUCT = YES;
			};
			name = Release;
		};
		5EF2E4E125BF140900822DE5 /* Debug */ = {
			isa = XCBuildConfiguration;
			baseConfigurationReference = 9B94B5DDC593750C7D306A40 /* Pods-Note1.debug.xcconfig */;
			buildSettings = {
				ASSETCATALOG_COMPILER_APPICON_NAME = AppIcon;
				ASSETCATALOG_COMPILER_GLOBAL_ACCENT_COLOR_NAME = AccentColor;
				CODE_SIGN_STYLE = Automatic;
				DEVELOPMENT_TEAM = M2NK3BK87V;
				INFOPLIST_FILE = Note1/Info.plist;
				LD_RUNPATH_SEARCH_PATHS = (
					"$(inherited)",
					"@executable_path/Frameworks",
				);
				PRODUCT_BUNDLE_IDENTIFIER = saxtime.Note1;
				PRODUCT_NAME = "$(TARGET_NAME)";
				SWIFT_VERSION = 5.0;
				TARGETED_DEVICE_FAMILY = "1,2";
			};
			name = Debug;
		};
		5EF2E4E225BF140900822DE5 /* Release */ = {
			isa = XCBuildConfiguration;
			baseConfigurationReference = EDB1C4D077294046E06F4E14 /* Pods-Note1.release.xcconfig */;
			buildSettings = {
				ASSETCATALOG_COMPILER_APPICON_NAME = AppIcon;
				ASSETCATALOG_COMPILER_GLOBAL_ACCENT_COLOR_NAME = AccentColor;
				CODE_SIGN_STYLE = Automatic;
				DEVELOPMENT_TEAM = M2NK3BK87V;
				INFOPLIST_FILE = Note1/Info.plist;
				LD_RUNPATH_SEARCH_PATHS = (
					"$(inherited)",
					"@executable_path/Frameworks",
				);
				PRODUCT_BUNDLE_IDENTIFIER = saxtime.Note1;
				PRODUCT_NAME = "$(TARGET_NAME)";
				SWIFT_VERSION = 5.0;
				TARGETED_DEVICE_FAMILY = "1,2";
			};
			name = Release;
		};
/* End XCBuildConfiguration section */

/* Begin XCConfigurationList section */
		5EF2E4C425BF140800822DE5 /* Build configuration list for PBXProject "Note1" */ = {
			isa = XCConfigurationList;
			buildConfigurations = (
				5EF2E4DE25BF140900822DE5 /* Debug */,
				5EF2E4DF25BF140900822DE5 /* Release */,
			);
			defaultConfigurationIsVisible = 0;
			defaultConfigurationName = Release;
		};
		5EF2E4E025BF140900822DE5 /* Build configuration list for PBXNativeTarget "Note1" */ = {
			isa = XCConfigurationList;
			buildConfigurations = (
				5EF2E4E125BF140900822DE5 /* Debug */,
				5EF2E4E225BF140900822DE5 /* Release */,
			);
			defaultConfigurationIsVisible = 0;
			defaultConfigurationName = Release;
		};
/* End XCConfigurationList section */

/* Begin XCVersionGroup section */
		5EF2E4D525BF140800822DE5 /* Note1.xcdatamodeld */ = {
			isa = XCVersionGroup;
			children = (
				5EF2E4D625BF140800822DE5 /* Note1.xcdatamodel */,
			);
			currentVersion = 5EF2E4D625BF140800822DE5 /* Note1.xcdatamodel */;
			path = Note1.xcdatamodeld;
			sourceTree = "<group>";
			versionGroupType = wrapper.xcdatamodel;
		};
/* End XCVersionGroup section */
	};
	rootObject = 5EF2E4C125BF140800822DE5 /* Project object */;
}
